{
  "name": "webapp",
  "version": "1.0.0",
  "lockfileVersion": 1,
  "requires": true,
  "dependencies": {
    "@cronapp/framework-core": {
      "version": "2.9.1-SNAPSHOT.20220304104257",
      "resolved": "https://nexus.cronapp.io/repository/npm-group/@cronapp/framework-core/-/framework-core-2.9.1-SNAPSHOT.20220304104257.tgz",
      "integrity": "sha512-p1rT8gsXvicv8AM6/Q1lZN/nLtSPWttC/IFgERm4z/OSp4igp1hkNRuXR9jufRYAO0SM2UzNsZekn9pbU/4ONw==",
      "requires": {
        "flat": "5.0.2",
        "reflect-metadata": "0.1.13",
        "tsyringe": "4.5.0"
      }
    },
    "@uirouter/core": {
      "version": "6.0.7",
      "resolved": "https://nexus.cronapp.io/repository/npm-group/@uirouter/core/-/core-6.0.7.tgz",
      "integrity": "sha512-KUTJxL+6q0PiBnFx4/Z+Hsyg0pSGiaW5yZQeJmUxknecjpTbnXkLU8H2EqRn9N2B+qDRa7Jg8RcgeNDPY72O1w=="
    },
    "@zxing/library": {
      "version": "0.18.5",
      "resolved": "https://nexus.cronapp.io/repository/npm-group/@zxing/library/-/library-0.18.5.tgz",
      "integrity": "sha512-ipJeSBUQXgrJbgRotmDiSr+1/EeEJFPHbODrewGdz1sDbhWS+iWuHMrboqy/J+zbzYj3h5W7RGUsbkGY+34DKw==",
      "requires": {
        "@zxing/text-encoding": "~0.9.0",
        "ts-custom-error": "^3.0.0"
      }
    },
    "@zxing/text-encoding": {
      "version": "0.9.0",
      "resolved": "https://nexus.cronapp.io/repository/npm-group/@zxing/text-encoding/-/text-encoding-0.9.0.tgz",
      "integrity": "sha512-U/4aVJ2mxI0aDNI8Uq0wEhMgY+u4CNtEb0om3+y3+niDAsoTCOB33UF0sxpzqzdqXLqmvc+vZyAt4O8pPdfkwA==",
      "optional": true
    },
    "angular": {
      "version": "1.8.2",
      "resolved": "https://nexus.cronapp.io/repository/npm-group/angular/-/angular-1.8.2.tgz",
      "integrity": "sha512-IauMOej2xEe7/7Ennahkbb5qd/HFADiNuLSESz9Q27inmi32zB0lnAsFeLEWcox3Gd1F6YhNd1CP7/9IukJ0Gw=="
    },
    "angular-chart.js": {
      "version": "1.1.1",
      "resolved": "https://nexus.cronapp.io/repository/npm-group/angular-chart.js/-/angular-chart.js-1.1.1.tgz",
      "integrity": "sha1-SfDhjQgXYrbUyXkeSHr/L7sw9a4=",
      "requires": {
        "angular": "1.x",
        "chart.js": "2.3.x"
      },
      "dependencies": {
        "chart.js": {
          "version": "2.3.0",
          "resolved": "https://nexus.cronapp.io/repository/npm-group/chart.js/-/chart.js-2.3.0.tgz",
          "integrity": "sha1-QEYOSOLEF8BfwzJc2E97AA3H19Y=",
          "requires": {
            "chartjs-color": "^2.0.0",
            "moment": "^2.10.6"
          }
        }
      }
    },
    "angular-cookies": {
      "version": "1.5.8",
      "resolved": "https://nexus.cronapp.io/repository/npm-group/angular-cookies/-/angular-cookies-1.5.8.tgz",
      "integrity": "sha1-CPOfouF7bjqRbNO6c1L51wLoqf4="
    },
    "angular-dynamic-locale": {
      "version": "0.1.32",
      "resolved": "https://nexus.cronapp.io/repository/npm-group/angular-dynamic-locale/-/angular-dynamic-locale-0.1.32.tgz",
      "integrity": "sha1-0H/qdSgfJbqUpb5bRt8qAsXjWDY="
    },
    "angular-i18n": {
      "version": "1.4.5",
      "resolved": "https://nexus.cronapp.io/repository/npm-group/angular-i18n/-/angular-i18n-1.4.5.tgz",
      "integrity": "sha1-hegq6EhZgCmCVFqvXWRrL3GAOWw="
    },
    "angular-resource": {
      "version": "1.3.15",
      "resolved": "https://nexus.cronapp.io/repository/npm-group/angular-resource/-/angular-resource-1.3.15.tgz",
      "integrity": "sha1-cO6jEDhQ6j3BQgCeXKjD7x0RbBg="
    },
    "angular-sanitize": {
      "version": "1.3.15",
      "resolved": "https://nexus.cronapp.io/repository/npm-group/angular-sanitize/-/angular-sanitize-1.3.15.tgz",
      "integrity": "sha1-0VSrTz0dJj9j8eIMBrcawXKg/mw="
    },
    "angular-timeline": {
      "version": "1.7.0",
      "resolved": "https://nexus.cronapp.io/repository/npm-group/angular-timeline/-/angular-timeline-1.7.0.tgz",
      "integrity": "sha1-1Ii7HvDnmvRfwn72gNkcxBp2HOs=",
      "requires": {
        "angular": "^1.3.15"
      }
    },
    "angular-translate": {
      "version": "2.19.0",
      "resolved": "https://nexus.cronapp.io/repository/npm-group/angular-translate/-/angular-translate-2.19.0.tgz",
      "integrity": "sha512-Z/Fip5uUT2N85dPQ0sMEe1JdF5AehcDe4tg/9mWXNDVU531emHCg53ZND9Oe0dyNiGX5rWcJKmsL1Fujus1vGQ==",
      "requires": {
        "angular": "^1.8.0"
      }
    },
    "angular-translate-handler-log": {
      "version": "2.19.0",
      "resolved": "https://nexus.cronapp.io/repository/npm-group/angular-translate-handler-log/-/angular-translate-handler-log-2.19.0.tgz",
      "integrity": "sha512-kS4Xdmht+hBKm84/yiiPgbTp1FD8WzH/wi5c5jt4w2WLaW3KjJ/+FpFvzsmc8rff587oRkBDa2dq9iK3d+/MMw==",
      "requires": {
        "angular-translate": "~2.19.0"
      }
    },
    "angular-translate-loader-static-files": {
      "version": "2.19.0",
      "resolved": "https://nexus.cronapp.io/repository/npm-group/angular-translate-loader-static-files/-/angular-translate-loader-static-files-2.19.0.tgz",
      "integrity": "sha512-B0LiFzn+rHGgL0okl+uAcQKtmySskTlhw6vsnQODUqARV0IcgMUi2tl9RhybgGy3MbGmdF1JjJFjITCbXzWZQA==",
      "requires": {
        "angular-translate": "~2.19.0"
      }
    },
    "angular-translate-storage-cookie": {
      "version": "2.19.0",
      "resolved": "https://nexus.cronapp.io/repository/npm-group/angular-translate-storage-cookie/-/angular-translate-storage-cookie-2.19.0.tgz",
      "integrity": "sha512-U3LxHvXVzFOqp7IcYcqMUWhMiTGjHtCDXDKB1MKhTjJSKz+9pLeRseLQBMAGjvXCmMeDteURQR4HEEfzL3vFQw==",
      "requires": {
        "angular-cookies": ">=1.2.26 <1.9",
        "angular-translate": "~2.19.0"
      }
    },
    "angular-translate-storage-local": {
      "version": "2.19.0",
      "resolved": "https://nexus.cronapp.io/repository/npm-group/angular-translate-storage-local/-/angular-translate-storage-local-2.19.0.tgz",
      "integrity": "sha512-YrM3Y1PLi7OBd053vIhGKQ/DN3nWtQEJlj3++EcRLaGtmDu+4Fp/drzO4gKJtMQRRmJCIM3BqFSqalqijJD56Q==",
      "requires": {
        "angular-translate": "~2.19.0",
        "angular-translate-storage-cookie": "~2.19.0"
      }
    },
    "angular-ui-bootstrap": {
      "version": "0.14.0",
      "resolved": "https://nexus.cronapp.io/repository/npm-group/angular-ui-bootstrap/-/angular-ui-bootstrap-0.14.0.tgz",
      "integrity": "sha1-hoK6C2+V1AgPHIgwaZRH02+7EKY="
    },
    "angular-ui-notification": {
      "version": "0.3.6",
      "resolved": "https://nexus.cronapp.io/repository/npm-group/angular-ui-notification/-/angular-ui-notification-0.3.6.tgz",
      "integrity": "sha1-MzvL6ComUUgrOcNZWzy/qI4wvPc="
    },
    "angular-ui-router": {
      "version": "1.0.29",
      "resolved": "https://nexus.cronapp.io/repository/npm-group/angular-ui-router/-/angular-ui-router-1.0.29.tgz",
      "integrity": "sha512-VurVxwueqEFD0JJBHkATOvLinhebc8/052jyhYrFVbHtWEc//IX4Wr55WvmJoTZJ6lnQ3nBlpX9VBKS5wiRsOg==",
      "requires": {
        "@uirouter/core": "6.0.7"
      }
    },
    "bootstrap": {
      "version": "3.4.1",
      "resolved": "https://nexus.cronapp.io/repository/npm-group/bootstrap/-/bootstrap-3.4.1.tgz",
      "integrity": "sha512-yN5oZVmRCwe5aKwzRj6736nSmKDX7pLYwsXiCj/EYmo16hODaBiT4En5btW/jhBF/seV+XMx3aYwukYC3A49DA=="
    },
    "buffer-from": {
      "version": "1.1.2",
      "resolved": "https://nexus.cronapp.io/repository/npm-group/buffer-from/-/buffer-from-1.1.2.tgz",
      "integrity": "sha512-E+XQCRwSbaaiChtv6k6Dwgc+bx+Bs6vuKJHHl5kox/BaKbhiXzqQOwK4cO22yElGp2OCmjwVhT3HmxgyPGnJfQ=="
    },
    "chart.js": {
      "version": "2.7.0",
      "resolved": "https://nexus.cronapp.io/repository/npm-group/chart.js/-/chart.js-2.7.0.tgz",
      "integrity": "sha1-Mw277gxmGZ63FfYPv4ykApYJpSk=",
      "requires": {
        "chartjs-color": "~2.2.0",
        "moment": "~2.18.0"
      },
      "dependencies": {
        "chartjs-color": {
          "version": "2.2.0",
          "resolved": "https://nexus.cronapp.io/repository/npm-group/chartjs-color/-/chartjs-color-2.2.0.tgz",
          "integrity": "sha1-hKL7dVeH7YXDndbdjHsdiEKbrq4=",
          "requires": {
            "chartjs-color-string": "^0.5.0",
            "color-convert": "^0.5.3"
          }
        },
        "chartjs-color-string": {
          "version": "0.5.0",
          "resolved": "https://nexus.cronapp.io/repository/npm-group/chartjs-color-string/-/chartjs-color-string-0.5.0.tgz",
          "integrity": "sha512-amWNvCOXlOUYxZVDSa0YOab5K/lmEhbFNKI55PWc4mlv28BDzA7zaoQTGxSBgJMHIW+hGX8YUrvw/FH4LyhwSQ==",
          "requires": {
            "color-name": "^1.0.0"
          }
        },
        "color-convert": {
          "version": "0.5.3",
          "resolved": "https://nexus.cronapp.io/repository/npm-group/color-convert/-/color-convert-0.5.3.tgz",
          "integrity": "sha1-vbbGnOZg+t/+CwAHzER+G59ygr0="
        },
        "moment": {
          "version": "2.18.1",
          "resolved": "https://nexus.cronapp.io/repository/npm-group/moment/-/moment-2.18.1.tgz",
          "integrity": "sha1-w2GT3Tzhwu7SrbfIAtu8d6gbHA8="
        }
      }
    },
    "chartjs-color": {
      "version": "2.4.1",
      "resolved": "https://nexus.cronapp.io/repository/npm-group/chartjs-color/-/chartjs-color-2.4.1.tgz",
      "integrity": "sha512-haqOg1+Yebys/Ts/9bLo/BqUcONQOdr/hoEr2LLTRl6C5LXctUdHxsCYfvQVg5JIxITrfCNUDr4ntqmQk9+/0w==",
      "requires": {
        "chartjs-color-string": "^0.6.0",
        "color-convert": "^1.9.3"
      }
    },
    "chartjs-color-string": {
      "version": "0.6.0",
      "resolved": "https://nexus.cronapp.io/repository/npm-group/chartjs-color-string/-/chartjs-color-string-0.6.0.tgz",
      "integrity": "sha512-TIB5OKn1hPJvO7JcteW4WY/63v6KwEdt6udfnDE9iCAZgy+V4SrbSxoIbTw/xkUIapjEI4ExGtD0+6D3KyFd7A==",
      "requires": {
        "color-name": "^1.0.0"
      }
    },
    "color-convert": {
      "version": "1.9.3",
      "resolved": "https://nexus.cronapp.io/repository/npm-group/color-convert/-/color-convert-1.9.3.tgz",
      "integrity": "sha512-QfAUtd+vFdAtFQcC8CCyYt1fYWxSqAiK2cSD6zDB8N3cpsEBAvRxp9zOGg6G/SHHJYAT88/az/IuDGALsNVbGg==",
      "requires": {
        "color-name": "1.1.3"
      },
      "dependencies": {
        "color-name": {
          "version": "1.1.3",
          "resolved": "https://nexus.cronapp.io/repository/npm-group/color-name/-/color-name-1.1.3.tgz",
          "integrity": "sha1-p9BVi9icQveV3UIyj3QIMcpTvCU="
        }
      }
    },
    "color-name": {
      "version": "1.1.4",
      "resolved": "https://nexus.cronapp.io/repository/npm-group/color-name/-/color-name-1.1.4.tgz",
      "integrity": "sha512-dOy+3AuW3a2wNbZHIuMZpTcgjGuLU/uBL/ubcZF9OXbDo8ff4O8yVp5Bf0efS8uEoYo5q4Fx7dY9OgQGXgAsQA=="
    },
    "commander": {
      "version": "2.20.3",
      "resolved": "https://nexus.cronapp.io/repository/npm-group/commander/-/commander-2.20.3.tgz",
      "integrity": "sha512-GpVkmM8vF2vQUkj2LvZmD35JxeJOLCwJ9cUkugyk2nuhbv3+mJvpLYYt+0+USMxE+oj+ey/lJEnhZw75x/OMcQ=="
    },
    "cpf_cnpj": {
      "version": "0.2.0",
      "resolved": "https://nexus.cronapp.io/repository/npm-group/cpf_cnpj/-/cpf_cnpj-0.2.0.tgz",
      "integrity": "sha1-oDLBkkKjjoNj7c5OeLsfvp1mSqU="
    },
    "cronapi-js": {
      "version": "2.9.1-SNAPSHOT.20220304104257",
      "resolved": "https://nexus.cronapp.io/repository/npm-group/cronapi-js/-/cronapi-js-2.9.1-SNAPSHOT.20220304104257.tgz",
      "integrity": "sha512-QeDdpdOZa4DyTqOx7TwBTXGi23pHrTsBJpgH32kaYTvI7HpdDLpBuB5OdGYnW7AcSIiP3OQef6nRX5/J1eHCaQ==",
      "requires": {
        "@zxing/library": "0.18.5",
        "natives": "1.1.6"
      }
    },
    "cronapp-common-js": {
      "version": "2.9.1-SNAPSHOT.20220304104257",
      "resolved": "https://nexus.cronapp.io/repository/npm-group/cronapp-common-js/-/cronapp-common-js-2.9.1-SNAPSHOT.20220304104257.tgz",
      "integrity": "sha512-fcHyqpF6hmecxwal5t1aLFc9CLGl2MPZsiSFIcLm0h+wOjtTiebFTMdMrHQyUciDPN7sYc9UVDfP9njcTHoSpA=="
    },
    "cronapp-framework-js": {
      "version": "2.9.1-SNAPSHOT.20220304104257",
      "resolved": "https://nexus.cronapp.io/repository/npm-group/cronapp-framework-js/-/cronapp-framework-js-2.9.1-SNAPSHOT.20220304104257.tgz",
      "integrity": "sha512-ide4giFuNWx40rKMxrP88uY5YVDZEv4WgZgI3joPKL0IDvBLAAI0AZlSqf8Cs8aDTR/kXMJIu+9L8G36MDn6Fg==",
      "requires": {
        "angular": "1.8.2",
        "angular-chart.js": "1.1.1",
        "angular-cookies": "1.5.8",
        "angular-dynamic-locale": "0.1.32",
        "angular-i18n": "1.4.5",
        "angular-resource": "1.3.15",
        "angular-sanitize": "1.3.15",
        "angular-timeline": "^1.7.0",
        "angular-translate": "2.19.0",
        "angular-translate-handler-log": "2.19.0",
        "angular-translate-loader-static-files": "2.19.0",
        "angular-translate-storage-cookie": "2.19.0",
        "angular-translate-storage-local": "2.19.0",
        "angular-ui-bootstrap": "0.14.0",
        "angular-ui-notification": "0.3.6",
        "angular-ui-router": "1.0.29",
        "bootstrap": "3.4.1",
        "chart.js": "2.7.0",
        "cpf_cnpj": "0.2.0",
        "eonasdan-bootstrap-datetimepicker": "^4.17.49",
        "font-awesome": "4.4.0",
        "jquery": "3.5.1",
        "justgage": "1.3.5",
        "moment": "2.29.1",
        "moment-timezone": "0.5.33",
        "natives": "1.1.6",
        "ng-file-upload": "12.2.13",
        "ng-mask": "3.0.12",
        "pace": "github:HubSpot/pace#v0.7.8",
        "raphael": "github:DmitryBaranovskiy/raphael#v2.3.0",
        "signature_pad": "^3.0.0-beta.4",
        "ui-select": "0.18.1",
        "ui-select-infinity": "github:hyzhak/ui-select-infinity#v0.1.5"
      }
    },
    "cronapp-lib-js": {
      "version": "2.9.1-SNAPSHOT.20220304104257",
      "resolved": "https://nexus.cronapp.io/repository/npm-group/cronapp-lib-js/-/cronapp-lib-js-2.9.1-SNAPSHOT.20220304104257.tgz",
      "integrity": "sha512-MHYG2VKXN3Tx7meQgeB5fndUsIZwvjGusjEqU83zsWADkje/GyOd4lZchOxgiaQQnNkl0B4GAdVg4hhlKuUchA==",
      "requires": {
        "terser": "^4.8.0"
      }
    },
    "eonasdan-bootstrap-datetimepicker": {
      "version": "4.17.49",
      "resolved": "https://nexus.cronapp.io/repository/npm-group/eonasdan-bootstrap-datetimepicker/-/eonasdan-bootstrap-datetimepicker-4.17.49.tgz",
      "integrity": "sha512-7KZeDpkj+A6AtPR3XjX8gAnRPUkPSfW0OmMANG1dkUOPMtLSzbyoCjDIdEcfRtQPU5X0D9Gob7wWKn0h4QWy7A==",
      "requires": {
        "bootstrap": "^3.3",
        "jquery": "^3.5.1",
        "moment": "^2.10",
        "moment-timezone": "^0.4.0"
      },
      "dependencies": {
        "moment-timezone": {
          "version": "0.4.1",
          "resolved": "https://nexus.cronapp.io/repository/npm-group/moment-timezone/-/moment-timezone-0.4.1.tgz",
          "integrity": "sha1-gfWYw61eIs2teWtn7NjYjQ9bqgY=",
          "requires": {
            "moment": ">= 2.6.0"
          }
        }
      }
    },
    "eve-raphael": {
      "version": "0.5.0",
      "resolved": "https://nexus.cronapp.io/repository/npm-group/eve-raphael/-/eve-raphael-0.5.0.tgz",
      "integrity": "sha1-F8dUt5K+7z+maE15z1pHxjxM2jA="
    },
    "flat": {
      "version": "5.0.2",
      "resolved": "https://nexus.cronapp.io/repository/npm-group/flat/-/flat-5.0.2.tgz",
      "integrity": "sha512-b6suED+5/3rTpUBdG1gupIl8MPFCAMA0QXwmljLhvCUKcUvdE4gWky9zpuGCcXHOsz4J9wPGNWq6OKpmIzz3hQ=="
    },
    "font-awesome": {
      "version": "4.4.0",
      "resolved": "https://nexus.cronapp.io/repository/npm-group/font-awesome/-/font-awesome-4.4.0.tgz",
      "integrity": "sha1-n+Q/gs9ycmuty9snBEB6rayhfak="
    },
    "jquery": {
      "version": "3.5.1",
      "resolved": "https://nexus.cronapp.io/repository/npm-group/jquery/-/jquery-3.5.1.tgz",
      "integrity": "sha512-XwIBPqcMn57FxfT+Go5pzySnm4KWkT1Tv7gjrpT1srtf8Weynl6R273VJ5GjkRb51IzMp5nbaPjJXMWeju2MKg=="
    },
    "justgage": {
      "version": "1.3.5",
      "resolved": "https://nexus.cronapp.io/repository/npm-group/justgage/-/justgage-1.3.5.tgz",
      "integrity": "sha512-5P71LcTEqhg4Rh1rDKo9JgkE2cCZvHnKuagD80MXtEGvidLmRPm309YEwM2BHdEP4Q5DPwGUYjWQm4QY1QR4Yg==",
      "requires": {
        "raphael": "^2.2.8"
      }
    },
    "moment": {
      "version": "2.29.1",
      "resolved": "https://nexus.cronapp.io/repository/npm-group/moment/-/moment-2.29.1.tgz",
      "integrity": "sha512-kHmoybcPV8Sqy59DwNDY3Jefr64lK/by/da0ViFcuA4DH0vQg5Q6Ze5VimxkfQNSC+Mls/Kx53s7TjP1RhFEDQ=="
    },
    "moment-timezone": {
      "version": "0.5.33",
      "resolved": "https://nexus.cronapp.io/repository/npm-group/moment-timezone/-/moment-timezone-0.5.33.tgz",
      "integrity": "sha512-PTc2vcT8K9J5/9rDEPe5czSIKgLoGsH8UNpA4qZTVw0Vd/Uz19geE9abbIOQKaAQFcnQ3v5YEXrbSc5BpshH+w==",
      "requires": {
        "moment": ">= 2.9.0"
      }
    },
    "natives": {
      "version": "1.1.6",
      "resolved": "https://nexus.cronapp.io/repository/npm-group/natives/-/natives-1.1.6.tgz",
      "integrity": "sha512-6+TDFewD4yxY14ptjKaS63GVdtKiES1pTPyxn9Jb0rBqPMZ7VcCiooEhPNsr+mqHtMGxa/5c/HhcC4uPEUw/nA=="
    },
    "ng-file-upload": {
      "version": "12.2.13",
      "resolved": "https://nexus.cronapp.io/repository/npm-group/ng-file-upload/-/ng-file-upload-12.2.13.tgz",
      "integrity": "sha1-AYAPOHLlJvlTEPhHfpnk8S0NjRQ="
    },
    "ng-mask": {
      "version": "3.0.12",
      "resolved": "https://nexus.cronapp.io/repository/npm-group/ng-mask/-/ng-mask-3.0.12.tgz",
      "integrity": "sha1-vMpdEUiGz1R+VuwdrvMIGd8c0t8="
    },
    "pace": {
      "version": "github:HubSpot/pace#b736335d0073770baf9db00e2edcf0cdfc16bc90",
      "from": "github:HubSpot/pace#v0.7.8"
    },
    "raphael": {
      "version": "github:DmitryBaranovskiy/raphael#d8fbe4be81d362837f95e33886b80fb41de443b4",
      "from": "github:DmitryBaranovskiy/raphael#v2.3.0",
      "requires": {
        "eve-raphael": "0.5.0"
      }
    },
    "reflect-metadata": {
      "version": "0.1.13",
      "resolved": "https://nexus.cronapp.io/repository/npm-group/reflect-metadata/-/reflect-metadata-0.1.13.tgz",
      "integrity": "sha512-Ts1Y/anZELhSsjMcU605fU9RE4Oi3p5ORujwbIKXfWa+0Zxs510Qrmrce5/Jowq3cHSZSJqBjypxmHarc+vEWg=="
    },
    "signature_pad": {
      "version": "3.0.0-beta.4",
      "resolved": "https://nexus.cronapp.io/repository/npm-group/signature_pad/-/signature_pad-3.0.0-beta.4.tgz",
      "integrity": "sha512-cOf2NhVuTiuNqe2X/ycEmizvCDXk0DoemhsEpnkcGnA4kS5iJYTCqZ9As7tFBbsch45Q1EdX61833+6sjJ8rrw=="
    },
    "source-map": {
      "version": "0.6.1",
      "resolved": "https://nexus.cronapp.io/repository/npm-group/source-map/-/source-map-0.6.1.tgz",
      "integrity": "sha512-UjgapumWlbMhkBgzT7Ykc5YXUT46F0iKu8SGXq0bcwP5dz/h0Plj6enJqjz1Zbq2l5WaqYnrVbwWOWMyF3F47g=="
    },
    "source-map-support": {
      "version": "0.5.21",
      "resolved": "https://nexus.cronapp.io/repository/npm-group/source-map-support/-/source-map-support-0.5.21.tgz",
      "integrity": "sha512-uBHU3L3czsIyYXKX88fdrGovxdSCoTGDRZ6SYXtSRxLZUzHg5P/66Ht6uoUlHu9EZod+inXhKo3qQgwXUT/y1w==",
      "requires": {
        "buffer-from": "^1.0.0",
        "source-map": "^0.6.0"
      }
    },
    "terser": {
      "version": "4.8.0",
      "resolved": "https://nexus.cronapp.io/repository/npm-group/terser/-/terser-4.8.0.tgz",
      "integrity": "sha512-EAPipTNeWsb/3wLPeup1tVPaXfIaU68xMnVdPafIL1TV05OhASArYyIfFvnvJCNrR2NIOvDVNNTFRa+Re2MWyw==",
      "requires": {
        "commander": "^2.20.0",
        "source-map": "~0.6.1",
        "source-map-support": "~0.5.12"
      }
    },
    "ts-custom-error": {
      "version": "3.2.0",
      "resolved": "https://nexus.cronapp.io/repository/npm-group/ts-custom-error/-/ts-custom-error-3.2.0.tgz",
      "integrity": "sha512-cBvC2QjtvJ9JfWLvstVnI45Y46Y5dMxIaG1TDMGAD/R87hpvqFL+7LhvUDhnRCfOnx/xitollFWWvUKKKhbN0A=="
    },
    "tslib": {
      "version": "1.14.1",
      "resolved": "https://nexus.cronapp.io/repository/npm-group/tslib/-/tslib-1.14.1.tgz",
      "integrity": "sha512-Xni35NKzjgMrwevysHTCArtLDpPvye8zV/0E4EyYn43P7/7qvQwPh9BGkHewbMulVntbigmcT7rdX3BNo9wRJg=="
    },
    "tsyringe": {
      "version": "4.5.0",
      "resolved": "https://nexus.cronapp.io/repository/npm-group/tsyringe/-/tsyringe-4.5.0.tgz",
      "integrity": "sha512-XvYgdUxkmGQfpCkKyr/ybJx71OLSnNec1SO0xdohMjaS2UOEyKi76YfKx92XUXgc1TocypHENg6y4wCyYyMKag==",
      "requires": {
        "tslib": "^1.9.3"
      }
    },
    "ui-select": {
      "version": "0.18.1",
      "resolved": "https://nexus.cronapp.io/repository/npm-group/ui-select/-/ui-select-0.18.1.tgz",
      "integrity": "sha1-+2JWhJOYGZa3xEfiq1euycC3scE="
    },
    "ui-select-infinity": {
      "version": "github:hyzhak/ui-select-infinity#1be46401d56a477c90eeb3c957fee4dbb8cea619",
      "from": "github:hyzhak/ui-select-infinity#v0.1.5"
    }
  }
}
